
Microsoft Visual Studio Solution File, Format Version 12.00
# Visual Studio 15
VisualStudioVersion = 15.0.28307.572
MinimumVisualStudioVersion = 10.0.40219.1
Project("{FAE04EC0-301F-11D3-BF4B-00C04F79EFBC}") = "ResultSetCMD", "ResultSet\ResultSetCMD.csproj", "{D9DC3686-B630-4212-9CB2-4A3235B20722}"
EndProject
Project("{FAE04EC0-301F-11D3-BF4B-00C04F79EFBC}") = "TMS_ResultSet", "TMS_ResultSet\TMS_ResultSet.csproj", "{CF7A01AA-50B7-44B1-8AA9-058C1BC0B7EC}"
EndProject
Global
	GlobalSection(SolutionConfigurationPlatforms) = preSolution
		Debug|Any CPU = Debug|Any CPU
		Release|Any CPU = Release|Any CPU
	EndGlobalSection
	GlobalSection(ProjectConfigurationPlatforms) = postSolution
		{D9DC3686-B630-4212-9CB2-4A3235B20722}.Debug|Any CPU.ActiveCfg = Debug|Any CPU
		{D9DC3686-B630-4212-9CB2-4A3235B20722}.Debug|Any CPU.Build.0 = Debug|Any CPU
		{D9DC3686-B630-4212-9CB2-4A3235B20722}.Release|Any CPU.ActiveCfg = Release|Any CPU
		{D9DC3686-B630-4212-9CB2-4A3235B20722}.Release|Any CPU.Build.0 = Release|Any CPU
		{CF7A01AA-50B7-44B1-8AA9-058C1BC0B7EC}.Debug|Any CPU.ActiveCfg = Debug|Any CPU
		{CF7A01AA-50B7-44B1-8AA9-058C1BC0B7EC}.Debug|Any CPU.Build.0 = Debug|Any CPU
		{CF7A01AA-50B7-44B1-8AA9-058C1BC0B7EC}.Release|Any CPU.ActiveCfg = Release|Any CPU
		{CF7A01AA-50B7-44B1-8AA9-058C1BC0B7EC}.Release|Any CPU.Build.0 = Release|Any CPU
	EndGlobalSection
	GlobalSection(SolutionProperties) = preSolution
		HideSolutionNode = FALSE
	EndGlobalSection
	GlobalSection(ExtensibilityGlobals) = postSolution
		SolutionGuid = {DCD88641-87BB-48D9-BAB6-A9599A204B79}
	EndGlobalSection
EndGlobal
